
Microsoft Visual Studio Solution File, Format Version 12.00
# Visual Studio Version 17
VisualStudioVersion = 17.10.35004.147
MinimumVisualStudioVersion = 10.0.40219.1
Project("{8BC9CEB8-8B4A-11D0-8D11-00A0C91BC942}") = "CPP_Xuatcacsole", "CPP_Xuatcacsole\CPP_Xuatcacsole.vcxproj", "{65853921-A3B3-441A-9D8B-1B943F9FCBAD}"
EndProject
Global
	GlobalSection(SolutionConfigurationPlatforms) = preSolution
		Debug|x64 = Debug|x64
		Debug|x86 = Debug|x86
		Release|x64 = Release|x64
		Release|x86 = Release|x86
	EndGlobalSection
	GlobalSection(ProjectConfigurationPlatforms) = postSolution
		{65853921-A3B3-441A-9D8B-1B943F9FCBAD}.Debug|x64.ActiveCfg = Debug|x64
		{65853921-A3B3-441A-9D8B-1B943F9FCBAD}.Debug|x64.Build.0 = Debug|x64
		{65853921-A3B3-441A-9D8B-1B943F9FCBAD}.Debug|x86.ActiveCfg = Debug|Win32
		{65853921-A3B3-441A-9D8B-1B943F9FCBAD}.Debug|x86.Build.0 = Debug|Win32
		{65853921-A3B3-441A-9D8B-1B943F9FCBAD}.Release|x64.ActiveCfg = Release|x64
		{65853921-A3B3-441A-9D8B-1B943F9FCBAD}.Release|x64.Build.0 = Release|x64
		{65853921-A3B3-441A-9D8B-1B943F9FCBAD}.Release|x86.ActiveCfg = Release|Win32
		{65853921-A3B3-441A-9D8B-1B943F9FCBAD}.Release|x86.Build.0 = Release|Win32
	EndGlobalSection
	GlobalSection(SolutionProperties) = preSolution
		HideSolutionNode = FALSE
	EndGlobalSection
	GlobalSection(ExtensibilityGlobals) = postSolution
		SolutionGuid = {F274E57B-5768-4051-8F4C-2D06D815B20C}
	EndGlobalSection
EndGlobal
